// !$*UTF8*$!
{
	archiveVersion = 1;
	classes = {
	};
	objectVersion = 56;
	objects = {

/* Begin PBXBuildFile section */
		4D01A35328D278750023DDAC /* ultimate-omnitrix Watch App.app in Embed Watch Content */ = {isa = PBXBuildFile; fileRef = 4D01A35228D278750023DDAC /* ultimate-omnitrix Watch App.app */; settings = {ATTRIBUTES = (RemoveHeadersOnCopy, ); }; };
		4D01A35828D278750023DDAC /* UltimateOmnitrixApp.swift in Sources */ = {isa = PBXBuildFile; fileRef = 4D01A35728D278750023DDAC /* UltimateOmnitrixApp.swift */; };
		4D01A35A28D278750023DDAC /* ContentView.swift in Sources */ = {isa = PBXBuildFile; fileRef = 4D01A35928D278750023DDAC /* ContentView.swift */; };
		4D01A35C28D278770023DDAC /* Assets.xcassets in Resources */ = {isa = PBXBuildFile; fileRef = 4D01A35B28D278770023DDAC /* Assets.xcassets */; };
		4D01A35F28D278770023DDAC /* Preview Assets.xcassets in Resources */ = {isa = PBXBuildFile; fileRef = 4D01A35E28D278770023DDAC /* Preview Assets.xcassets */; };
/* End PBXBuildFile section */

/* Begin PBXContainerItemProxy section */
		4D01A35428D278750023DDAC /* PBXContainerItemProxy */ = {
			isa = PBXContainerItemProxy;
			containerPortal = 4D01A34628D278750023DDAC /* Project object */;
			proxyType = 1;
			remoteGlobalIDString = 4D01A35128D278750023DDAC;
			remoteInfo = "ultimate-omnitrix Watch App";
		};
/* End PBXContainerItemProxy section */

/* Begin PBXCopyFilesBuildPhase section */
		4D01A36528D278770023DDAC /* Embed Watch Content */ = {
			isa = PBXCopyFilesBuildPhase;
			buildActionMask = 2147483647;
			dstPath = "$(CONTENTS_FOLDER_PATH)/Watch";
			dstSubfolderSpec = 16;
			files = (
				4D01A35328D278750023DDAC /* ultimate-omnitrix Watch App.app in Embed Watch Content */,
			);
			name = "Embed Watch Content";
			runOnlyForDeploymentPostprocessing = 0;
		};
/* End PBXCopyFilesBuildPhase section */

/* Begin PBXFileReference section */
		4D01A34C28D278750023DDAC /* ultimate-omnitrix.app */ = {isa = PBXFileReference; explicitFileType = wrapper.application; includeInIndex = 0; path = "ultimate-omnitrix.app"; sourceTree = BUILT_PRODUCTS_DIR; };
		4D01A35228D278750023DDAC /* ultimate-omnitrix Watch App.app */ = {isa = PBXFileReference; explicitFileType = wrapper.application; includeInIndex = 0; path = "ultimate-omnitrix Watch App.app"; sourceTree = BUILT_PRODUCTS_DIR; };
		4D01A35728D278750023DDAC /* UltimateOmnitrixApp.swift */ = {isa = PBXFileReference; lastKnownFileType = sourcecode.swift; path = UltimateOmnitrixApp.swift; sourceTree = "<group>"; };
		4D01A35928D278750023DDAC /* ContentView.swift */ = {isa = PBXFileReference; lastKnownFileType = sourcecode.swift; path = ContentView.swift; sourceTree = "<group>"; };
		4D01A35B28D278770023DDAC /* Assets.xcassets */ = {isa = PBXFileReference; lastKnownFileType = folder.assetcatalog; path = Assets.xcassets; sourceTree = "<group>"; };
		4D01A35E28D278770023DDAC /* Preview Assets.xcassets */ = {isa = PBXFileReference; lastKnownFileType = folder.assetcatalog; path = "Preview Assets.xcassets"; sourceTree = "<group>"; };
/* End PBXFileReference section */

/* Begin PBXFrameworksBuildPhase section */
		4D01A34F28D278750023DDAC /* Frameworks */ = {
			isa = PBXFrameworksBuildPhase;
			buildActionMask = 2147483647;
			files = (
			);
			runOnlyForDeploymentPostprocessing = 0;
		};
/* End PBXFrameworksBuildPhase section */

/* Begin PBXGroup section */
		4D01A34528D278750023DDAC = {
			isa = PBXGroup;
			children = (
				4D01A35628D278750023DDAC /* ultimate-omnitrix Watch App */,
				4D01A34D28D278750023DDAC /* Products */,
			);
			sourceTree = "<group>";
		};
		4D01A34D28D278750023DDAC /* Products */ = {
			isa = PBXGroup;
			children = (
				4D01A34C28D278750023DDAC /* ultimate-omnitrix.app */,
				4D01A35228D278750023DDAC /* ultimate-omnitrix Watch App.app */,
			);
			name = Products;
			sourceTree = "<group>";
		};
		4D01A35628D278750023DDAC /* ultimate-omnitrix Watch App */ = {
			isa = PBXGroup;
			children = (
				4D01A35728D278750023DDAC /* UltimateOmnitrixApp.swift */,
				4D01A35928D278750023DDAC /* ContentView.swift */,
				4D01A35B28D278770023DDAC /* Assets.xcassets */,
				4D01A35D28D278770023DDAC /* Preview Content */,
			);
			path = "ultimate-omnitrix Watch App";
			sourceTree = "<group>";
		};
		4D01A35D28D278770023DDAC /* Preview Content */ = {
			isa = PBXGroup;
			children = (
				4D01A35E28D278770023DDAC /* Preview Assets.xcassets */,
			);
			path = "Preview Content";
			sourceTree = "<group>";
		};
/* End PBXGroup section */

/* Begin PBXNativeTarget section */
		4D01A34B28D278750023DDAC /* ultimate-omnitrix */ = {
			isa = PBXNativeTarget;
			buildConfigurationList = 4D01A36628D278770023DDAC /* Build configuration list for PBXNativeTarget "ultimate-omnitrix" */;
			buildPhases = (
				4D01A34A28D278750023DDAC /* Resources */,
				4D01A36528D278770023DDAC /* Embed Watch Content */,
			);
			buildRules = (
			);
			dependencies = (
				4D01A35528D278750023DDAC /* PBXTargetDependency */,
			);
			name = "ultimate-omnitrix";
			productName = "ultimate-omnitrix";
			productReference = 4D01A34C28D278750023DDAC /* ultimate-omnitrix.app */;
			productType = "com.apple.product-type.application.watchapp2-container";
		};
		4D01A35128D278750023DDAC /* ultimate-omnitrix Watch App */ = {
			isa = PBXNativeTarget;
			buildConfigurationList = 4D01A36228D278770023DDAC /* Build configuration list for PBXNativeTarget "ultimate-omnitrix Watch App" */;
			buildPhases = (
				4D01A34E28D278750023DDAC /* Sources */,
				4D01A34F28D278750023DDAC /* Frameworks */,
				4D01A35028D278750023DDAC /* Resources */,
			);
			buildRules = (
			);
			dependencies = (
			);
			name = "ultimate-omnitrix Watch App";
			productName = "ultimate-omnitrix Watch App";
			productReference = 4D01A35228D278750023DDAC /* ultimate-omnitrix Watch App.app */;
			productType = "com.apple.product-type.application";
		};
/* End PBXNativeTarget section */

/* Begin PBXProject section */
		4D01A34628D278750023DDAC /* Project object */ = {
			isa = PBXProject;
			attributes = {
				BuildIndependentTargetsInParallel = 1;
				LastSwiftUpdateCheck = 1400;
				LastUpgradeCheck = 1400;
				TargetAttributes = {
					4D01A34B28D278750023DDAC = {
						CreatedOnToolsVersion = 14.0;
					};
					4D01A35128D278750023DDAC = {
						CreatedOnToolsVersion = 14.0;
					};
				};
			};
			buildConfigurationList = 4D01A34928D278750023DDAC /* Build configuration list for PBXProject "ultimate-omnitrix" */;
			compatibilityVersion = "Xcode 14.0";
			developmentRegion = en;
			hasScannedForEncodings = 0;
			knownRegions = (
				en,
				Base,
			);
			mainGroup = 4D01A34528D278750023DDAC;
			productRefGroup = 4D01A34D28D278750023DDAC /* Products */;
			projectDirPath = "";
			projectRoot = "";
			targets = (
				4D01A34B28D278750023DDAC /* ultimate-omnitrix */,
				4D01A35128D278750023DDAC /* ultimate-omnitrix Watch App */,
			);
		};
/* End PBXProject section */

/* Begin PBXResourcesBuildPhase section */
		4D01A34A28D278750023DDAC /* Resources */ = {
			isa = PBXResourcesBuildPhase;
			buildActionMask = 2147483647;
			files = (
			);
			runOnlyForDeploymentPostprocessing = 0;
		};
		4D01A35028D278750023DDAC /* Resources */ = {
			isa = PBXResourcesBuildPhase;
			buildActionMask = 2147483647;
			files = (
				4D01A35F28D278770023DDAC /* Preview Assets.xcassets in Resources */,
				4D01A35C28D278770023DDAC /* Assets.xcassets in Resources */,
			);
			runOnlyForDeploymentPostprocessing = 0;
		};
/* End PBXResourcesBuildPhase section */

/* Begin PBXSourcesBuildPhase section */
		4D01A34E28D278750023DDAC /* Sources */ = {
			isa = PBXSourcesBuildPhase;
			buildActionMask = 2147483647;
			files = (
				4D01A35A28D278750023DDAC /* ContentView.swift in Sources */,
				4D01A35828D278750023DDAC /* UltimateOmnitrixApp.swift in Sources */,
			);
			runOnlyForDeploymentPostprocessing = 0;
		};
/* End PBXSourcesBuildPhase section */

/* Begin PBXTargetDependency section */
		4D01A35528D278750023DDAC /* PBXTargetDependency */ = {
			isa = PBXTargetDependency;
			target = 4D01A35128D278750023DDAC /* ultimate-omnitrix Watch App */;
			targetProxy = 4D01A35428D278750023DDAC /* PBXContainerItemProxy */;
		};
/* End PBXTargetDependency section */

/* Begin XCBuildConfiguration section */
		4D01A36028D278770023DDAC /* Debug */ = {
			isa = XCBuildConfiguration;
			buildSettings = {
				ALWAYS_SEARCH_USER_PATHS = NO;
				CLANG_ANALYZER_NONNULL = YES;
				CLANG_ANALYZER_NUMBER_OBJECT_CONVERSION = YES_AGGRESSIVE;
				CLANG_CXX_LANGUAGE_STANDARD = "gnu++20";
				CLANG_ENABLE_MODULES = YES;
				CLANG_ENABLE_OBJC_ARC = YES;
				CLANG_ENABLE_OBJC_WEAK = YES;
				CLANG_WARN_BLOCK_CAPTURE_AUTORELEASING = YES;
				CLANG_WARN_BOOL_CONVERSION = YES;
				CLANG_WARN_COMMA = YES;
				CLANG_WARN_CONSTANT_CONVERSION = YES;
				CLANG_WARN_DEPRECATED_OBJC_IMPLEMENTATIONS = YES;
				CLANG_WARN_DIRECT_OBJC_ISA_USAGE = YES_ERROR;
				CLANG_WARN_DOCUMENTATION_COMMENTS = YES;
				CLANG_WARN_EMPTY_BODY = YES;
				CLANG_WARN_ENUM_CONVERSION = YES;
				CLANG_WARN_INFINITE_RECURSION = YES;
				CLANG_WARN_INT_CONVERSION = YES;
				CLANG_WARN_NON_LITERAL_NULL_CONVERSION = YES;
				CLANG_WARN_OBJC_IMPLICIT_RETAIN_SELF = YES;
				CLANG_WARN_OBJC_LITERAL_CONVERSION = YES;
				CLANG_WARN_OBJC_ROOT_CLASS = YES_ERROR;
				CLANG_WARN_QUOTED_INCLUDE_IN_FRAMEWORK_HEADER = YES;
				CLANG_WARN_RANGE_LOOP_ANALYSIS = YES;
				CLANG_WARN_STRICT_PROTOTYPES = YES;
				CLANG_WARN_SUSPICIOUS_MOVE = YES;
				CLANG_WARN_UNGUARDED_AVAILABILITY = YES_AGGRESSIVE;
				CLANG_WARN_UNREACHABLE_CODE = YES;
				CLANG_WARN__DUPLICATE_METHOD_MATCH = YES;
				COPY_PHASE_STRIP = NO;
				DEBUG_INFORMATION_FORMAT = dwarf;
				ENABLE_STRICT_OBJC_MSGSEND = YES;
				ENABLE_TESTABILITY = YES;
				GCC_C_LANGUAGE_STANDARD = gnu11;
				GCC_DYNAMIC_NO_PIC = NO;
				GCC_NO_COMMON_BLOCKS = YES;
				GCC_OPTIMIZATION_LEVEL = 0;
				GCC_PREPROCESSOR_DEFINITIONS = (
					"DEBUG=1",
					"$(inherited)",
				);
				GCC_WARN_64_TO_32_BIT_CONVERSION = YES;
				GCC_WARN_ABOUT_RETURN_TYPE = YES_ERROR;
				GCC_WARN_UNDECLARED_SELECTOR = YES;
				GCC_WARN_UNINITIALIZED_AUTOS = YES_AGGRESSIVE;
				GCC_WARN_UNUSED_FUNCTION = YES;
				GCC_WARN_UNUSED_VARIABLE = YES;
				MTL_ENABLE_DEBUG_INFO = INCLUDE_SOURCE;
				MTL_FAST_MATH = YES;
				ONLY_ACTIVE_ARCH = YES;
				SWIFT_ACTIVE_COMPILATION_CONDITIONS = DEBUG;
				SWIFT_OPTIMIZATION_LEVEL = "-Onone";
			};
			name = Debug;
		};
		4D01A36128D278770023DDAC /* Release */ = {
			isa = XCBuildConfiguration;
			buildSettings = {
				ALWAYS_SEARCH_USER_PATHS = NO;
				CLANG_ANALYZER_NONNULL = YES;
				CLANG_ANALYZER_NUMBER_OBJECT_CONVERSION = YES_AGGRESSIVE;
				CLANG_CXX_LANGUAGE_STANDARD = "gnu++20";
				CLANG_ENABLE_MODULES = YES;
				CLANG_ENABLE_OBJC_ARC = YES;
				CLANG_ENABLE_OBJC_WEAK = YES;
				CLANG_WARN_BLOCK_CAPTURE_AUTORELEASING = YES;
				CLANG_WARN_BOOL_CONVERSION = YES;
				CLANG_WARN_COMMA = YES;
				CLANG_WARN_CONSTANT_CONVERSION = YES;
				CLANG_WARN_DEPRECATED_OBJC_IMPLEMENTATIONS = YES;
				CLANG_WARN_DIRECT_OBJC_ISA_USAGE = YES_ERROR;
				CLANG_WARN_DOCUMENTATION_COMMENTS = YES;
				CLANG_WARN_EMPTY_BODY = YES;
				CLANG_WARN_ENUM_CONVERSION = YES;
				CLANG_WARN_INFINITE_RECURSION = YES;
				CLANG_WARN_INT_CONVERSION = YES;
				CLANG_WARN_NON_LITERAL_NULL_CONVERSION = YES;
				CLANG_WARN_OBJC_IMPLICIT_RETAIN_SELF = YES;
				CLANG_WARN_OBJC_LITERAL_CONVERSION = YES;
				CLANG_WARN_OBJC_ROOT_CLASS = YES_ERROR;
				CLANG_WARN_QUOTED_INCLUDE_IN_FRAMEWORK_HEADER = YES;
				CLANG_WARN_RANGE_LOOP_ANALYSIS = YES;
				CLANG_WARN_STRICT_PROTOTYPES = YES;
				CLANG_WARN_SUSPICIOUS_MOVE = YES;
				CLANG_WARN_UNGUARDED_AVAILABILITY = YES_AGGRESSIVE;
				CLANG_WARN_UNREACHABLE_CODE = YES;
				CLANG_WARN__DUPLICATE_METHOD_MATCH = YES;
				COPY_PHASE_STRIP = NO;
				DEBUG_INFORMATION_FORMAT = "dwarf-with-dsym";
				ENABLE_NS_ASSERTIONS = NO;
				ENABLE_STRICT_OBJC_MSGSEND = YES;
				GCC_C_LANGUAGE_STANDARD = gnu11;
				GCC_NO_COMMON_BLOCKS = YES;
				GCC_WARN_64_TO_32_BIT_CONVERSION = YES;
				GCC_WARN_ABOUT_RETURN_TYPE = YES_ERROR;
				GCC_WARN_UNDECLARED_SELECTOR = YES;
				GCC_WARN_UNINITIALIZED_AUTOS = YES_AGGRESSIVE;
				GCC_WARN_UNUSED_FUNCTION = YES;
				GCC_WARN_UNUSED_VARIABLE = YES;
				MTL_ENABLE_DEBUG_INFO = NO;
				MTL_FAST_MATH = YES;
				SWIFT_COMPILATION_MODE = wholemodule;
				SWIFT_OPTIMIZATION_LEVEL = "-O";
			};
			name = Release;
		};
		4D01A36328D278770023DDAC /* Debug */ = {
			isa = XCBuildConfiguration;
			buildSettings = {
				ASSETCATALOG_COMPILER_APPICON_NAME = AppIcon;
				ASSETCATALOG_COMPILER_GLOBAL_ACCENT_COLOR_NAME = AccentColor;
				CODE_SIGN_STYLE = Automatic;
				CURRENT_PROJECT_VERSION = 1;
				DEVELOPMENT_ASSET_PATHS = "\"ultimate-omnitrix Watch App/Preview Content\"";
				DEVELOPMENT_TEAM = 9CDJ2YFBU4;
				ENABLE_PREVIEWS = YES;
				GENERATE_INFOPLIST_FILE = YES;
				INFOPLIST_KEY_CFBundleDisplayName = "ultimate-omnitrix";
				INFOPLIST_KEY_UISupportedInterfaceOrientations = "UIInterfaceOrientationPortrait UIInterfaceOrientationPortraitUpsideDown";
				INFOPLIST_KEY_WKWatchOnly = YES;
				LD_RUNPATH_SEARCH_PATHS = (
					"$(inherited)",
					"@executable_path/Frameworks",
				);
				MARKETING_VERSION = 1.0;
				PRODUCT_BUNDLE_IDENTIFIER = "com.lucas-goldner.ultimate-omnitrix.watchkitapp";
				PRODUCT_NAME = "$(TARGET_NAME)";
				SDKROOT = watchos;
				SKIP_INSTALL = YES;
				SWIFT_EMIT_LOC_STRINGS = YES;
				SWIFT_VERSION = 5.0;
				TARGETED_DEVICE_FAMILY = 4;
				WATCHOS_DEPLOYMENT_TARGET = 9.0;
			};
			name = Debug;
		};
		4D01A36428D278770023DDAC /* Release */ = {
			isa = XCBuildConfiguration;
			buildSettings = {
				ASSETCATALOG_COMPILER_APPICON_NAME = AppIcon;
				ASSETCATALOG_COMPILER_GLOBAL_ACCENT_COLOR_NAME = AccentColor;
				CODE_SIGN_STYLE = Automatic;
				CURRENT_PROJECT_VERSION = 1;
				DEVELOPMENT_ASSET_PATHS = "\"ultimate-omnitrix Watch App/Preview Content\"";
				DEVELOPMENT_TEAM = 9CDJ2YFBU4;
				ENABLE_PREVIEWS = YES;
				GENERATE_INFOPLIST_FILE = YES;
				INFOPLIST_KEY_CFBundleDisplayName = "ultimate-omnitrix";
				INFOPLIST_KEY_UISupportedInterfaceOrientations = "UIInterfaceOrientationPortrait UIInterfaceOrientationPortraitUpsideDown";
				INFOPLIST_KEY_WKWatchOnly = YES;
				LD_RUNPATH_SEARCH_PATHS = (
					"$(inherited)",
					"@executable_path/Frameworks",
				);
				MARKETING_VERSION = 1.0;
				PRODUCT_BUNDLE_IDENTIFIER = "com.lucas-goldner.ultimate-omnitrix.watchkitapp";
				PRODUCT_NAME = "$(TARGET_NAME)";
				SDKROOT = watchos;
				SKIP_INSTALL = YES;
				SWIFT_EMIT_LOC_STRINGS = YES;
				SWIFT_VERSION = 5.0;
				TARGETED_DEVICE_FAMILY = 4;
				VALIDATE_PRODUCT = YES;
				WATCHOS_DEPLOYMENT_TARGET = 9.0;
			};
			name = Release;
		};
		4D01A36728D278770023DDAC /* Debug */ = {
			isa = XCBuildConfiguration;
			buildSettings = {
				ALWAYS_EMBED_SWIFT_STANDARD_LIBRARIES = YES;
				CODE_SIGN_STYLE = Automatic;
				CURRENT_PROJECT_VERSION = 1;
				DEVELOPMENT_TEAM = 9CDJ2YFBU4;
				INFOPLIST_KEY_CFBundleDisplayName = "ultimate-omnitrix";
				MARKETING_VERSION = 1.0;
				PRODUCT_BUNDLE_IDENTIFIER = "com.lucas-goldner.ultimate-omnitrix";
				PRODUCT_NAME = "$(TARGET_NAME)";
				SDKROOT = iphoneos;
				SWIFT_VERSION = 5.0;
			};
			name = Debug;
		};
		4D01A36828D278770023DDAC /* Release */ = {
			isa = XCBuildConfiguration;
			buildSettings = {
				ALWAYS_EMBED_SWIFT_STANDARD_LIBRARIES = YES;
				CODE_SIGN_STYLE = Automatic;
				CURRENT_PROJECT_VERSION = 1;
				DEVELOPMENT_TEAM = 9CDJ2YFBU4;
				INFOPLIST_KEY_CFBundleDisplayName = "ultimate-omnitrix";
				MARKETING_VERSION = 1.0;
				PRODUCT_BUNDLE_IDENTIFIER = "com.lucas-goldner.ultimate-omnitrix";
				PRODUCT_NAME = "$(TARGET_NAME)";
				SDKROOT = iphoneos;
				SWIFT_VERSION = 5.0;
				VALIDATE_PRODUCT = YES;
			};
			name = Release;
		};
/* End XCBuildConfiguration section */

/* Begin XCConfigurationList section */
		4D01A34928D278750023DDAC /* Build configuration list for PBXProject "ultimate-omnitrix" */ = {
			isa = XCConfigurationList;
			buildConfigurations = (
				4D01A36028D278770023DDAC /* Debug */,
				4D01A36128D278770023DDAC /* Release */,
			);
			defaultConfigurationIsVisible = 0;
			defaultConfigurationName = Release;
		};
		4D01A36228D278770023DDAC /* Build configuration list for PBXNativeTarget "ultimate-omnitrix Watch App" */ = {
			isa = XCConfigurationList;
			buildConfigurations = (
				4D01A36328D278770023DDAC /* Debug */,
				4D01A36428D278770023DDAC /* Release */,
			);
			defaultConfigurationIsVisible = 0;
			defaultConfigurationName = Release;
		};
		4D01A36628D278770023DDAC /* Build configuration list for PBXNativeTarget "ultimate-omnitrix" */ = {
			isa = XCConfigurationList;
			buildConfigurations = (
				4D01A36728D278770023DDAC /* Debug */,
				4D01A36828D278770023DDAC /* Release */,
			);
			defaultConfigurationIsVisible = 0;
			defaultConfigurationName = Release;
		};
/* End XCConfigurationList section */
	};
	rootObject = 4D01A34628D278750023DDAC /* Project object */;
}
